
Microsoft Visual Studio Solution File, Format Version 12.00
# Visual Studio Version 17
VisualStudioVersion = 17.3.32825.248
MinimumVisualStudioVersion = 10.0.40219.1
Project("{9A19103F-16F7-4668-BE54-9A1E7A4F7556}") = "VasuDocker", "VasuDocker\VasuDocker.csproj", "{F31379B1-1BF0-4FEA-A616-41EB37E193AB}"
EndProject
Project("{E53339B2-1760-4266-BCC7-CA923CBCF16C}") = "docker-compose", "docker-compose.dcproj", "{4045FA7A-616D-4B73-ABAD-AA64EA7886FC}"
EndProject
Project("{FAE04EC0-301F-11D3-BF4B-00C04F79EFBC}") = "VasuDocker2", "VasuDocker2\VasuDocker2.csproj", "{A56D4456-30FA-4A85-84D4-FAE7539BC086}"
EndProject
Global
	GlobalSection(SolutionConfigurationPlatforms) = preSolution
		Debug|Any CPU = Debug|Any CPU
		Release|Any CPU = Release|Any CPU
	EndGlobalSection
	GlobalSection(ProjectConfigurationPlatforms) = postSolution
		{F31379B1-1BF0-4FEA-A616-41EB37E193AB}.Debug|Any CPU.ActiveCfg = Debug|Any CPU
		{F31379B1-1BF0-4FEA-A616-41EB37E193AB}.Debug|Any CPU.Build.0 = Debug|Any CPU
		{F31379B1-1BF0-4FEA-A616-41EB37E193AB}.Release|Any CPU.ActiveCfg = Release|Any CPU
		{F31379B1-1BF0-4FEA-A616-41EB37E193AB}.Release|Any CPU.Build.0 = Release|Any CPU
		{4045FA7A-616D-4B73-ABAD-AA64EA7886FC}.Debug|Any CPU.ActiveCfg = Debug|Any CPU
		{4045FA7A-616D-4B73-ABAD-AA64EA7886FC}.Debug|Any CPU.Build.0 = Debug|Any CPU
		{4045FA7A-616D-4B73-ABAD-AA64EA7886FC}.Release|Any CPU.ActiveCfg = Release|Any CPU
		{4045FA7A-616D-4B73-ABAD-AA64EA7886FC}.Release|Any CPU.Build.0 = Release|Any CPU
		{A56D4456-30FA-4A85-84D4-FAE7539BC086}.Debug|Any CPU.ActiveCfg = Debug|Any CPU
		{A56D4456-30FA-4A85-84D4-FAE7539BC086}.Debug|Any CPU.Build.0 = Debug|Any CPU
		{A56D4456-30FA-4A85-84D4-FAE7539BC086}.Release|Any CPU.ActiveCfg = Release|Any CPU
		{A56D4456-30FA-4A85-84D4-FAE7539BC086}.Release|Any CPU.Build.0 = Release|Any CPU
	EndGlobalSection
	GlobalSection(SolutionProperties) = preSolution
		HideSolutionNode = FALSE
	EndGlobalSection
	GlobalSection(ExtensibilityGlobals) = postSolution
		SolutionGuid = {46AF9436-9EC8-4B8E-B1BE-F89C86143F3B}
	EndGlobalSection
EndGlobal
